
Microsoft Visual Studio Solution File, Format Version 12.00
# Visual Studio Version 17
VisualStudioVersion = 17.9.34723.18
MinimumVisualStudioVersion = 10.0.40219.1
Project("{FAE04EC0-301F-11D3-BF4B-00C04F79EFBC}") = "Clean Code", "Clean Code\Clean Code.csproj", "{D65ED282-B0DB-479F-8C5F-860E995FF99E}"
EndProject
Global
	GlobalSection(SolutionConfigurationPlatforms) = preSolution
		Debug|Any CPU = Debug|Any CPU
		Release|Any CPU = Release|Any CPU
	EndGlobalSection
	GlobalSection(ProjectConfigurationPlatforms) = postSolution
		{D65ED282-B0DB-479F-8C5F-860E995FF99E}.Debug|Any CPU.ActiveCfg = Debug|Any CPU
		{D65ED282-B0DB-479F-8C5F-860E995FF99E}.Debug|Any CPU.Build.0 = Debug|Any CPU
		{D65ED282-B0DB-479F-8C5F-860E995FF99E}.Release|Any CPU.ActiveCfg = Release|Any CPU
		{D65ED282-B0DB-479F-8C5F-860E995FF99E}.Release|Any CPU.Build.0 = Release|Any CPU
	EndGlobalSection
	GlobalSection(SolutionProperties) = preSolution
		HideSolutionNode = FALSE
	EndGlobalSection
	GlobalSection(ExtensibilityGlobals) = postSolution
		SolutionGuid = {E2218AC4-30EF-4734-9FA7-C754369CB5CA}
	EndGlobalSection
EndGlobal
