
Microsoft Visual Studio Solution File, Format Version 12.00
# Visual Studio Version 17
VisualStudioVersion = 17.9.34701.34
MinimumVisualStudioVersion = 10.0.40219.1
Project("{FAE04EC0-301F-11D3-BF4B-00C04F79EFBC}") = "FileSystem and streams", "FileSystem and streams\FileSystem and streams.csproj", "{EA8FB851-A2A1-47F0-966E-1C78DA50E871}"
EndProject
Global
	GlobalSection(SolutionConfigurationPlatforms) = preSolution
		Debug|Any CPU = Debug|Any CPU
		Release|Any CPU = Release|Any CPU
	EndGlobalSection
	GlobalSection(ProjectConfigurationPlatforms) = postSolution
		{EA8FB851-A2A1-47F0-966E-1C78DA50E871}.Debug|Any CPU.ActiveCfg = Debug|Any CPU
		{EA8FB851-A2A1-47F0-966E-1C78DA50E871}.Debug|Any CPU.Build.0 = Debug|Any CPU
		{EA8FB851-A2A1-47F0-966E-1C78DA50E871}.Release|Any CPU.ActiveCfg = Release|Any CPU
		{EA8FB851-A2A1-47F0-966E-1C78DA50E871}.Release|Any CPU.Build.0 = Release|Any CPU
	EndGlobalSection
	GlobalSection(SolutionProperties) = preSolution
		HideSolutionNode = FALSE
	EndGlobalSection
	GlobalSection(ExtensibilityGlobals) = postSolution
		SolutionGuid = {122F3AD2-DC9C-46EC-847A-61A22549C82B}
	EndGlobalSection
EndGlobal
