
Microsoft Visual Studio Solution File, Format Version 12.00
# Visual Studio Version 17
VisualStudioVersion = 17.9.34701.34
MinimumVisualStudioVersion = 10.0.40219.1
Project("{FAE04EC0-301F-11D3-BF4B-00C04F79EFBC}") = "IRepository", "IRepository\IRepository.csproj", "{6BA3B058-632B-4E9A-ADFD-E8B2FDF5A891}"
EndProject
Global
	GlobalSection(SolutionConfigurationPlatforms) = preSolution
		Debug|Any CPU = Debug|Any CPU
		Release|Any CPU = Release|Any CPU
	EndGlobalSection
	GlobalSection(ProjectConfigurationPlatforms) = postSolution
		{6BA3B058-632B-4E9A-ADFD-E8B2FDF5A891}.Debug|Any CPU.ActiveCfg = Debug|Any CPU
		{6BA3B058-632B-4E9A-ADFD-E8B2FDF5A891}.Debug|Any CPU.Build.0 = Debug|Any CPU
		{6BA3B058-632B-4E9A-ADFD-E8B2FDF5A891}.Release|Any CPU.ActiveCfg = Release|Any CPU
		{6BA3B058-632B-4E9A-ADFD-E8B2FDF5A891}.Release|Any CPU.Build.0 = Release|Any CPU
	EndGlobalSection
	GlobalSection(SolutionProperties) = preSolution
		HideSolutionNode = FALSE
	EndGlobalSection
	GlobalSection(ExtensibilityGlobals) = postSolution
		SolutionGuid = {7C0CB7B9-73E6-44A2-A82C-A163C0A16519}
	EndGlobalSection
EndGlobal
